
Microsoft Visual Studio Solution File, Format Version 12.00
# Visual Studio Version 17
VisualStudioVersion = 17.3.32922.545
MinimumVisualStudioVersion = 10.0.40219.1
Project("{FAE04EC0-301F-11D3-BF4B-00C04F79EFBC}") = "OneButtonGame", "OneButtonGame\OneButtonGame.csproj", "{BEC1DE4D-3C95-4B09-94A7-85F788FAB424}"
EndProject
Project("{2150E333-8FDC-42A3-9474-1A3956D46DE8}") = "Solution Items", "Solution Items", "{0AEC6E38-C71F-409E-8857-7F1AFE98425B}"
EndProject
Global
	GlobalSection(SolutionConfigurationPlatforms) = preSolution
		Debug|Any CPU = Debug|Any CPU
		Release|Any CPU = Release|Any CPU
	EndGlobalSection
	GlobalSection(ProjectConfigurationPlatforms) = postSolution
		{BEC1DE4D-3C95-4B09-94A7-85F788FAB424}.Debug|Any CPU.ActiveCfg = Debug|Any CPU
		{BEC1DE4D-3C95-4B09-94A7-85F788FAB424}.Debug|Any CPU.Build.0 = Debug|Any CPU
		{BEC1DE4D-3C95-4B09-94A7-85F788FAB424}.Release|Any CPU.ActiveCfg = Release|Any CPU
		{BEC1DE4D-3C95-4B09-94A7-85F788FAB424}.Release|Any CPU.Build.0 = Release|Any CPU
	EndGlobalSection
	GlobalSection(SolutionProperties) = preSolution
		HideSolutionNode = FALSE
	EndGlobalSection
	GlobalSection(ExtensibilityGlobals) = postSolution
		SolutionGuid = {25B05BF0-01A9-4C3F-81BD-A2A9E56EBECF}
	EndGlobalSection
EndGlobal
